
Microsoft Visual Studio Solution File, Format Version 12.00
# Visual Studio Version 17
VisualStudioVersion = 17.6.33815.320
MinimumVisualStudioVersion = 10.0.40219.1
Project("{9A19103F-16F7-4668-BE54-9A1E7A4F7556}") = "WebApplication1", "WebApplication1\WebApplication1.csproj", "{4A3819B6-5BBE-4563-9F57-E0F00F9FA95C}"
EndProject
Project("{9A19103F-16F7-4668-BE54-9A1E7A4F7556}") = "BulkyRazor_Temp", "BulkyRazor_Temp\BulkyRazor_Temp.csproj", "{33972302-B213-431C-828A-9EF7281A29FC}"
EndProject
Project("{FAE04EC0-301F-11D3-BF4B-00C04F79EFBC}") = "Bulky.DataAccess", "Bulky.DataAccess\Bulky.DataAccess.csproj", "{6D2A5289-2191-49F0-890D-FCCB15995574}"
EndProject
Project("{FAE04EC0-301F-11D3-BF4B-00C04F79EFBC}") = "Bulky.Models", "Bulky.Models\Bulky.Models.csproj", "{EA51231B-5AE5-40A3-A0C4-21DF3F8EA8BF}"
EndProject
Project("{FAE04EC0-301F-11D3-BF4B-00C04F79EFBC}") = "Bulky.Utility", "Bulky.Utility\Bulky.Utility.csproj", "{5A3329B9-2085-4E03-8EF1-8287039ED3E1}"
EndProject
Global
	GlobalSection(SolutionConfigurationPlatforms) = preSolution
		Debug|Any CPU = Debug|Any CPU
		Release|Any CPU = Release|Any CPU
	EndGlobalSection
	GlobalSection(ProjectConfigurationPlatforms) = postSolution
		{4A3819B6-5BBE-4563-9F57-E0F00F9FA95C}.Debug|Any CPU.ActiveCfg = Debug|Any CPU
		{4A3819B6-5BBE-4563-9F57-E0F00F9FA95C}.Debug|Any CPU.Build.0 = Debug|Any CPU
		{4A3819B6-5BBE-4563-9F57-E0F00F9FA95C}.Release|Any CPU.ActiveCfg = Release|Any CPU
		{4A3819B6-5BBE-4563-9F57-E0F00F9FA95C}.Release|Any CPU.Build.0 = Release|Any CPU
		{33972302-B213-431C-828A-9EF7281A29FC}.Debug|Any CPU.ActiveCfg = Debug|Any CPU
		{33972302-B213-431C-828A-9EF7281A29FC}.Debug|Any CPU.Build.0 = Debug|Any CPU
		{33972302-B213-431C-828A-9EF7281A29FC}.Release|Any CPU.ActiveCfg = Release|Any CPU
		{33972302-B213-431C-828A-9EF7281A29FC}.Release|Any CPU.Build.0 = Release|Any CPU
		{6D2A5289-2191-49F0-890D-FCCB15995574}.Debug|Any CPU.ActiveCfg = Debug|Any CPU
		{6D2A5289-2191-49F0-890D-FCCB15995574}.Debug|Any CPU.Build.0 = Debug|Any CPU
		{6D2A5289-2191-49F0-890D-FCCB15995574}.Release|Any CPU.ActiveCfg = Release|Any CPU
		{6D2A5289-2191-49F0-890D-FCCB15995574}.Release|Any CPU.Build.0 = Release|Any CPU
		{EA51231B-5AE5-40A3-A0C4-21DF3F8EA8BF}.Debug|Any CPU.ActiveCfg = Debug|Any CPU
		{EA51231B-5AE5-40A3-A0C4-21DF3F8EA8BF}.Debug|Any CPU.Build.0 = Debug|Any CPU
		{EA51231B-5AE5-40A3-A0C4-21DF3F8EA8BF}.Release|Any CPU.ActiveCfg = Release|Any CPU
		{EA51231B-5AE5-40A3-A0C4-21DF3F8EA8BF}.Release|Any CPU.Build.0 = Release|Any CPU
		{5A3329B9-2085-4E03-8EF1-8287039ED3E1}.Debug|Any CPU.ActiveCfg = Debug|Any CPU
		{5A3329B9-2085-4E03-8EF1-8287039ED3E1}.Debug|Any CPU.Build.0 = Debug|Any CPU
		{5A3329B9-2085-4E03-8EF1-8287039ED3E1}.Release|Any CPU.ActiveCfg = Release|Any CPU
		{5A3329B9-2085-4E03-8EF1-8287039ED3E1}.Release|Any CPU.Build.0 = Release|Any CPU
	EndGlobalSection
	GlobalSection(SolutionProperties) = preSolution
		HideSolutionNode = FALSE
	EndGlobalSection
	GlobalSection(ExtensibilityGlobals) = postSolution
		SolutionGuid = {BDBD5B06-8090-4D44-B1AF-B57925324A55}
	EndGlobalSection
EndGlobal
